
Microsoft Visual Studio Solution File, Format Version 12.00
# Visual Studio Version 16
VisualStudioVersion = 16.0.28803.202
MinimumVisualStudioVersion = 10.0.40219.1
Project("{FAE04EC0-301F-11D3-BF4B-00C04F79EFBC}") = "SSH_I_Am_Pawsing_Bwo", "SSH_I_Am_Pawsing_Bwo.csproj", "{5612CA98-B42C-4AFE-88CE-7B116A83488E}"
EndProject
Global
	GlobalSection(SolutionConfigurationPlatforms) = preSolution
		Debug|Any CPU = Debug|Any CPU
		Release|Any CPU = Release|Any CPU
	EndGlobalSection
	GlobalSection(ProjectConfigurationPlatforms) = postSolution
		{5612CA98-B42C-4AFE-88CE-7B116A83488E}.Debug|Any CPU.ActiveCfg = Debug|Any CPU
		{5612CA98-B42C-4AFE-88CE-7B116A83488E}.Debug|Any CPU.Build.0 = Debug|Any CPU
		{5612CA98-B42C-4AFE-88CE-7B116A83488E}.Release|Any CPU.ActiveCfg = Release|Any CPU
		{5612CA98-B42C-4AFE-88CE-7B116A83488E}.Release|Any CPU.Build.0 = Release|Any CPU
	EndGlobalSection
	GlobalSection(SolutionProperties) = preSolution
		HideSolutionNode = FALSE
	EndGlobalSection
	GlobalSection(ExtensibilityGlobals) = postSolution
		SolutionGuid = {E91E0EA3-9470-4113-8B21-8D04DC9D2214}
	EndGlobalSection
EndGlobal
